
Microsoft Visual Studio Solution File, Format Version 12.00
# Visual Studio Version 16
VisualStudioVersion = 16.0.29920.165
MinimumVisualStudioVersion = 10.0.40219.1
Project("{FAE04EC0-301F-11D3-BF4B-00C04F79EFBC}") = "Online_Shop", "Online_Shop\Online_Shop.csproj", "{A644BD5A-411B-4900-AEF7-4C9F5A0448E6}"
EndProject
Project("{FAE04EC0-301F-11D3-BF4B-00C04F79EFBC}") = "Model", "Model\Model.csproj", "{4A574012-01C6-4F6E-9F69-11AE7B4F7BB1}"
EndProject
Project("{FAE04EC0-301F-11D3-BF4B-00C04F79EFBC}") = "Common", "Common\Common.csproj", "{2DA1B9AD-D221-4151-80A5-69D06C79F50D}"
EndProject
Project("{FAE04EC0-301F-11D3-BF4B-00C04F79EFBC}") = "StaticResources", "StaticResources\StaticResources.csproj", "{B682B8E8-245B-4B23-87FF-5D599B49FA59}"
EndProject
Global
	GlobalSection(SolutionConfigurationPlatforms) = preSolution
		Debug|Any CPU = Debug|Any CPU
		Release|Any CPU = Release|Any CPU
	EndGlobalSection
	GlobalSection(ProjectConfigurationPlatforms) = postSolution
		{A644BD5A-411B-4900-AEF7-4C9F5A0448E6}.Debug|Any CPU.ActiveCfg = Debug|Any CPU
		{A644BD5A-411B-4900-AEF7-4C9F5A0448E6}.Debug|Any CPU.Build.0 = Debug|Any CPU
		{A644BD5A-411B-4900-AEF7-4C9F5A0448E6}.Release|Any CPU.ActiveCfg = Release|Any CPU
		{A644BD5A-411B-4900-AEF7-4C9F5A0448E6}.Release|Any CPU.Build.0 = Release|Any CPU
		{4A574012-01C6-4F6E-9F69-11AE7B4F7BB1}.Debug|Any CPU.ActiveCfg = Debug|Any CPU
		{4A574012-01C6-4F6E-9F69-11AE7B4F7BB1}.Debug|Any CPU.Build.0 = Debug|Any CPU
		{4A574012-01C6-4F6E-9F69-11AE7B4F7BB1}.Release|Any CPU.ActiveCfg = Release|Any CPU
		{4A574012-01C6-4F6E-9F69-11AE7B4F7BB1}.Release|Any CPU.Build.0 = Release|Any CPU
		{2DA1B9AD-D221-4151-80A5-69D06C79F50D}.Debug|Any CPU.ActiveCfg = Debug|Any CPU
		{2DA1B9AD-D221-4151-80A5-69D06C79F50D}.Debug|Any CPU.Build.0 = Debug|Any CPU
		{2DA1B9AD-D221-4151-80A5-69D06C79F50D}.Release|Any CPU.ActiveCfg = Release|Any CPU
		{2DA1B9AD-D221-4151-80A5-69D06C79F50D}.Release|Any CPU.Build.0 = Release|Any CPU
		{B682B8E8-245B-4B23-87FF-5D599B49FA59}.Debug|Any CPU.ActiveCfg = Debug|Any CPU
		{B682B8E8-245B-4B23-87FF-5D599B49FA59}.Debug|Any CPU.Build.0 = Debug|Any CPU
		{B682B8E8-245B-4B23-87FF-5D599B49FA59}.Release|Any CPU.ActiveCfg = Release|Any CPU
		{B682B8E8-245B-4B23-87FF-5D599B49FA59}.Release|Any CPU.Build.0 = Release|Any CPU
	EndGlobalSection
	GlobalSection(SolutionProperties) = preSolution
		HideSolutionNode = FALSE
	EndGlobalSection
	GlobalSection(ExtensibilityGlobals) = postSolution
		SolutionGuid = {463E358E-6245-4510-8236-C53E495E113B}
	EndGlobalSection
EndGlobal
